
Microsoft Visual Studio Solution File, Format Version 12.00
# Visual Studio 14
VisualStudioVersion = 14.0.23107.0
MinimumVisualStudioVersion = 10.0.40219.1
Project("{FAE04EC0-301F-11D3-BF4B-00C04F79EFBC}") = "HQF.Tutorial.WebAPI", "Scr\HQF.Tutorial.WebAPI\HQF.Tutorial.WebAPI.csproj", "{1CEF5333-975F-4259-BB74-A0F48CEC39C0}"
EndProject
Project("{2150E333-8FDC-42A3-9474-1A3956D46DE8}") = "Filters", "Filters", "{7CF24180-E006-441F-A916-CCAF1FD38C90}"
EndProject
Project("{2150E333-8FDC-42A3-9474-1A3956D46DE8}") = "Exceptions", "Exceptions", "{5EA2F4E0-3D9D-49DE-A60E-4896C9D92BC3}"
EndProject
Project("{2150E333-8FDC-42A3-9474-1A3956D46DE8}") = "Solution Items", "Solution Items", "{4A1D9803-CB30-4D66-A109-60BAB9F55319}"
	ProjectSection(SolutionItems) = preProject
		README.md = README.md
	EndProjectSection
EndProject
Project("{2150E333-8FDC-42A3-9474-1A3956D46DE8}") = "GlobalStuffs", "GlobalStuffs", "{A3B5336B-EC95-4421-B50A-85A69931E145}"
EndProject
Project("{2150E333-8FDC-42A3-9474-1A3956D46DE8}") = "Exceptions", "Exceptions", "{335E1F05-210F-42DC-A5D3-99C68E559759}"
	ProjectSection(SolutionItems) = preProject
		Scr\GlobalStuffs\Exceptions\Exceptions.md = Scr\GlobalStuffs\Exceptions\Exceptions.md
	EndProjectSection
EndProject
Project("{FAE04EC0-301F-11D3-BF4B-00C04F79EFBC}") = "HQF.Tutorial.WebAPI.GlobalStuffs.Exceptions.NLog", "Scr\GlobalStuffs\Exceptions\HQF.Tutorial.WebAPI.GlobalStuffs.Exceptions.NLog\HQF.Tutorial.WebAPI.GlobalStuffs.Exceptions.NLog.csproj", "{E52C61B0-64C7-443E-981F-5AB3DC871636}"
EndProject
Project("{FAE04EC0-301F-11D3-BF4B-00C04F79EFBC}") = "HQF.Tutorial.WebAPI.Filters.Exceptions", "Scr\Filters\Exceptions\HQF.Tutorial.WebAPI.Exceptions\HQF.Tutorial.WebAPI.Filters.Exceptions.csproj", "{3F2C85BA-10A8-499B-813A-5DAF02CFE279}"
EndProject
Project("{2150E333-8FDC-42A3-9474-1A3956D46DE8}") = "APPs", "APPs", "{7B518196-97F8-48B4-9962-D9945B0EA215}"
EndProject
Project("{FAE04EC0-301F-11D3-BF4B-00C04F79EFBC}") = "HQF.Tutorial.WebAPI.WebAPP", "Scr\APPs\HQF.Tutorial.WebAPI.WebAPP\HQF.Tutorial.WebAPI.WebAPP.csproj", "{70FE5458-1224-402B-816F-95C62EF41845}"
EndProject
Project("{FAE04EC0-301F-11D3-BF4B-00C04F79EFBC}") = "HQF.Tutorial.WebAPI.ConsoleAPP", "Scr\APPs\HQF.Tutorial.WebAPI.ConsoleAPP\HQF.Tutorial.WebAPI.ConsoleAPP.csproj", "{81EA0E95-D656-4606-95A5-423012DBE171}"
EndProject
Project("{2150E333-8FDC-42A3-9474-1A3956D46DE8}") = "Common", "Common", "{D2AB8446-1EAE-4E85-A99C-8CEBF6E3E7FB}"
EndProject
Project("{FAE04EC0-301F-11D3-BF4B-00C04F79EFBC}") = "HQF.Tutorial.WebAPI.Entities", "Scr\Common\HQF.Tutorial.WebAPI.Entities\HQF.Tutorial.WebAPI.Entities.csproj", "{CC3E6D8A-4E47-4B28-8F79-EC4891BD94BF}"
EndProject
Project("{2150E333-8FDC-42A3-9474-1A3956D46DE8}") = "MessageHandlers", "MessageHandlers", "{3E799B93-6B4D-4330-832E-2B567791AD55}"
	ProjectSection(SolutionItems) = preProject
		Scr\MessageHandlers\Readme.md = Scr\MessageHandlers\Readme.md
	EndProjectSection
EndProject
Project("{FAE04EC0-301F-11D3-BF4B-00C04F79EFBC}") = "HQF.Tutorial.WebAPI.MessageHandlers.ClientSide", "Scr\MessageHandlers\HQF.Tutorial.WebAPI.MessageHandlers.ClientSide\HQF.Tutorial.WebAPI.MessageHandlers.ClientSide.csproj", "{BA014527-65BB-4D99-B0E0-6BF3A3D87524}"
EndProject
Project("{FAE04EC0-301F-11D3-BF4B-00C04F79EFBC}") = "HQF.Tutorial.WebAPI.MessageHandlers.ServerSide", "Scr\MessageHandlers\HQF.Tutorial.WebAPI.MessageHandlers.ServerSide\HQF.Tutorial.WebAPI.MessageHandlers.ServerSide.csproj", "{B0D3A777-C966-4310-B0D0-E8B9E37C5EC1}"
EndProject
Project("{2150E333-8FDC-42A3-9474-1A3956D46DE8}") = "Security", "Security", "{65D047BC-02A6-4D06-8189-D661249A50B4}"
EndProject
Project("{2150E333-8FDC-42A3-9474-1A3956D46DE8}") = "DelegatingHandlers", "DelegatingHandlers", "{16E543C6-209C-45CB-8C62-A672334967BC}"
	ProjectSection(SolutionItems) = preProject
		Scr\DelegatingHandlers\Readme.md = Scr\DelegatingHandlers\Readme.md
	EndProjectSection
EndProject
Project("{FAE04EC0-301F-11D3-BF4B-00C04F79EFBC}") = "HQF.Tutorial.WebAPI.PerRequestHandler", "Scr\DelegatingHandlers\HQF.Tutorial.WebAPI.PerRequestHandler\HQF.Tutorial.WebAPI.PerRequestHandler.csproj", "{C947D2E0-CD3E-46F8-B9D7-1452E4521DA3}"
EndProject
Project("{FAE04EC0-301F-11D3-BF4B-00C04F79EFBC}") = "HQF.Tutorial.WebAPI.Extensions", "Scr\Common\HQF.Tutorial.WebAPI.Extensions\HQF.Tutorial.WebAPI.Extensions.csproj", "{E4EA8C26-8BF4-4AFE-9381-D86E367DEB3F}"
EndProject
Global
	GlobalSection(SolutionConfigurationPlatforms) = preSolution
		Debug|Any CPU = Debug|Any CPU
		Release|Any CPU = Release|Any CPU
	EndGlobalSection
	GlobalSection(ProjectConfigurationPlatforms) = postSolution
		{1CEF5333-975F-4259-BB74-A0F48CEC39C0}.Debug|Any CPU.ActiveCfg = Debug|Any CPU
		{1CEF5333-975F-4259-BB74-A0F48CEC39C0}.Debug|Any CPU.Build.0 = Debug|Any CPU
		{1CEF5333-975F-4259-BB74-A0F48CEC39C0}.Release|Any CPU.ActiveCfg = Release|Any CPU
		{1CEF5333-975F-4259-BB74-A0F48CEC39C0}.Release|Any CPU.Build.0 = Release|Any CPU
		{E52C61B0-64C7-443E-981F-5AB3DC871636}.Debug|Any CPU.ActiveCfg = Debug|Any CPU
		{E52C61B0-64C7-443E-981F-5AB3DC871636}.Debug|Any CPU.Build.0 = Debug|Any CPU
		{E52C61B0-64C7-443E-981F-5AB3DC871636}.Release|Any CPU.ActiveCfg = Release|Any CPU
		{E52C61B0-64C7-443E-981F-5AB3DC871636}.Release|Any CPU.Build.0 = Release|Any CPU
		{3F2C85BA-10A8-499B-813A-5DAF02CFE279}.Debug|Any CPU.ActiveCfg = Debug|Any CPU
		{3F2C85BA-10A8-499B-813A-5DAF02CFE279}.Debug|Any CPU.Build.0 = Debug|Any CPU
		{3F2C85BA-10A8-499B-813A-5DAF02CFE279}.Release|Any CPU.ActiveCfg = Release|Any CPU
		{3F2C85BA-10A8-499B-813A-5DAF02CFE279}.Release|Any CPU.Build.0 = Release|Any CPU
		{70FE5458-1224-402B-816F-95C62EF41845}.Debug|Any CPU.ActiveCfg = Debug|Any CPU
		{70FE5458-1224-402B-816F-95C62EF41845}.Debug|Any CPU.Build.0 = Debug|Any CPU
		{70FE5458-1224-402B-816F-95C62EF41845}.Release|Any CPU.ActiveCfg = Release|Any CPU
		{70FE5458-1224-402B-816F-95C62EF41845}.Release|Any CPU.Build.0 = Release|Any CPU
		{81EA0E95-D656-4606-95A5-423012DBE171}.Debug|Any CPU.ActiveCfg = Debug|Any CPU
		{81EA0E95-D656-4606-95A5-423012DBE171}.Debug|Any CPU.Build.0 = Debug|Any CPU
		{81EA0E95-D656-4606-95A5-423012DBE171}.Release|Any CPU.ActiveCfg = Release|Any CPU
		{81EA0E95-D656-4606-95A5-423012DBE171}.Release|Any CPU.Build.0 = Release|Any CPU
		{CC3E6D8A-4E47-4B28-8F79-EC4891BD94BF}.Debug|Any CPU.ActiveCfg = Debug|Any CPU
		{CC3E6D8A-4E47-4B28-8F79-EC4891BD94BF}.Debug|Any CPU.Build.0 = Debug|Any CPU
		{CC3E6D8A-4E47-4B28-8F79-EC4891BD94BF}.Release|Any CPU.ActiveCfg = Release|Any CPU
		{CC3E6D8A-4E47-4B28-8F79-EC4891BD94BF}.Release|Any CPU.Build.0 = Release|Any CPU
		{BA014527-65BB-4D99-B0E0-6BF3A3D87524}.Debug|Any CPU.ActiveCfg = Debug|Any CPU
		{BA014527-65BB-4D99-B0E0-6BF3A3D87524}.Debug|Any CPU.Build.0 = Debug|Any CPU
		{BA014527-65BB-4D99-B0E0-6BF3A3D87524}.Release|Any CPU.ActiveCfg = Release|Any CPU
		{BA014527-65BB-4D99-B0E0-6BF3A3D87524}.Release|Any CPU.Build.0 = Release|Any CPU
		{B0D3A777-C966-4310-B0D0-E8B9E37C5EC1}.Debug|Any CPU.ActiveCfg = Debug|Any CPU
		{B0D3A777-C966-4310-B0D0-E8B9E37C5EC1}.Debug|Any CPU.Build.0 = Debug|Any CPU
		{B0D3A777-C966-4310-B0D0-E8B9E37C5EC1}.Release|Any CPU.ActiveCfg = Release|Any CPU
		{B0D3A777-C966-4310-B0D0-E8B9E37C5EC1}.Release|Any CPU.Build.0 = Release|Any CPU
		{C947D2E0-CD3E-46F8-B9D7-1452E4521DA3}.Debug|Any CPU.ActiveCfg = Debug|Any CPU
		{C947D2E0-CD3E-46F8-B9D7-1452E4521DA3}.Debug|Any CPU.Build.0 = Debug|Any CPU
		{C947D2E0-CD3E-46F8-B9D7-1452E4521DA3}.Release|Any CPU.ActiveCfg = Release|Any CPU
		{C947D2E0-CD3E-46F8-B9D7-1452E4521DA3}.Release|Any CPU.Build.0 = Release|Any CPU
		{E4EA8C26-8BF4-4AFE-9381-D86E367DEB3F}.Debug|Any CPU.ActiveCfg = Debug|Any CPU
		{E4EA8C26-8BF4-4AFE-9381-D86E367DEB3F}.Debug|Any CPU.Build.0 = Debug|Any CPU
		{E4EA8C26-8BF4-4AFE-9381-D86E367DEB3F}.Release|Any CPU.ActiveCfg = Release|Any CPU
		{E4EA8C26-8BF4-4AFE-9381-D86E367DEB3F}.Release|Any CPU.Build.0 = Release|Any CPU
	EndGlobalSection
	GlobalSection(SolutionProperties) = preSolution
		HideSolutionNode = FALSE
	EndGlobalSection
	GlobalSection(NestedProjects) = preSolution
		{5EA2F4E0-3D9D-49DE-A60E-4896C9D92BC3} = {7CF24180-E006-441F-A916-CCAF1FD38C90}
		{335E1F05-210F-42DC-A5D3-99C68E559759} = {A3B5336B-EC95-4421-B50A-85A69931E145}
		{E52C61B0-64C7-443E-981F-5AB3DC871636} = {335E1F05-210F-42DC-A5D3-99C68E559759}
		{3F2C85BA-10A8-499B-813A-5DAF02CFE279} = {5EA2F4E0-3D9D-49DE-A60E-4896C9D92BC3}
		{70FE5458-1224-402B-816F-95C62EF41845} = {7B518196-97F8-48B4-9962-D9945B0EA215}
		{81EA0E95-D656-4606-95A5-423012DBE171} = {7B518196-97F8-48B4-9962-D9945B0EA215}
		{CC3E6D8A-4E47-4B28-8F79-EC4891BD94BF} = {D2AB8446-1EAE-4E85-A99C-8CEBF6E3E7FB}
		{BA014527-65BB-4D99-B0E0-6BF3A3D87524} = {3E799B93-6B4D-4330-832E-2B567791AD55}
		{B0D3A777-C966-4310-B0D0-E8B9E37C5EC1} = {3E799B93-6B4D-4330-832E-2B567791AD55}
		{C947D2E0-CD3E-46F8-B9D7-1452E4521DA3} = {16E543C6-209C-45CB-8C62-A672334967BC}
		{E4EA8C26-8BF4-4AFE-9381-D86E367DEB3F} = {D2AB8446-1EAE-4E85-A99C-8CEBF6E3E7FB}
	EndGlobalSection
EndGlobal
